
Microsoft Visual Studio Solution File, Format Version 12.00
# Visual Studio 2013
VisualStudioVersion = 12.0.31101.0
MinimumVisualStudioVersion = 10.0.40219.1
Project("{FAE04EC0-301F-11D3-BF4B-00C04F79EFBC}") = "TfsSecurityTools", "TfsSecurityTools\TfsSecurityTools.csproj", "{625F5C08-B5A5-4767-AD12-E0F3D750ED7B}"
EndProject
Project("{FAE04EC0-301F-11D3-BF4B-00C04F79EFBC}") = "TfsSecurityTools.Tests", "TfsSecurityTools.Tests\TfsSecurityTools.Tests.csproj", "{8BAE7FB7-5C72-4850-85E0-51B7A15E18BB}"
EndProject
Project("{FAE04EC0-301F-11D3-BF4B-00C04F79EFBC}") = "TfsTestingHarness", "TfsTestingHarness\TfsTestingHarness.csproj", "{2060814F-CFA5-4881-B158-CE0EB8E96F0C}"
EndProject
Project("{2150E333-8FDC-42A3-9474-1A3956D46DE8}") = "Solution Items", "Solution Items", "{65E8619D-ED84-479D-B5D1-8B3950FC79A8}"
	ProjectSection(SolutionItems) = preProject
		..\.gitattributes = ..\.gitattributes
		..\.gitignore = ..\.gitignore
		..\LICENSE = ..\LICENSE
		..\README.md = ..\README.md
	EndProjectSection
EndProject
Global
	GlobalSection(SolutionConfigurationPlatforms) = preSolution
		Debug|Any CPU = Debug|Any CPU
		Release|Any CPU = Release|Any CPU
	EndGlobalSection
	GlobalSection(ProjectConfigurationPlatforms) = postSolution
		{625F5C08-B5A5-4767-AD12-E0F3D750ED7B}.Debug|Any CPU.ActiveCfg = Debug|Any CPU
		{625F5C08-B5A5-4767-AD12-E0F3D750ED7B}.Debug|Any CPU.Build.0 = Debug|Any CPU
		{625F5C08-B5A5-4767-AD12-E0F3D750ED7B}.Release|Any CPU.ActiveCfg = Release|Any CPU
		{625F5C08-B5A5-4767-AD12-E0F3D750ED7B}.Release|Any CPU.Build.0 = Release|Any CPU
		{8BAE7FB7-5C72-4850-85E0-51B7A15E18BB}.Debug|Any CPU.ActiveCfg = Debug|Any CPU
		{8BAE7FB7-5C72-4850-85E0-51B7A15E18BB}.Debug|Any CPU.Build.0 = Debug|Any CPU
		{8BAE7FB7-5C72-4850-85E0-51B7A15E18BB}.Release|Any CPU.ActiveCfg = Release|Any CPU
		{8BAE7FB7-5C72-4850-85E0-51B7A15E18BB}.Release|Any CPU.Build.0 = Release|Any CPU
		{2060814F-CFA5-4881-B158-CE0EB8E96F0C}.Debug|Any CPU.ActiveCfg = Debug|Any CPU
		{2060814F-CFA5-4881-B158-CE0EB8E96F0C}.Debug|Any CPU.Build.0 = Debug|Any CPU
		{2060814F-CFA5-4881-B158-CE0EB8E96F0C}.Release|Any CPU.ActiveCfg = Release|Any CPU
		{2060814F-CFA5-4881-B158-CE0EB8E96F0C}.Release|Any CPU.Build.0 = Release|Any CPU
	EndGlobalSection
	GlobalSection(SolutionProperties) = preSolution
		HideSolutionNode = FALSE
	EndGlobalSection
EndGlobal
